{
    "_meta": {
        "hash": {
            "sha256": "2c5fc04784f3af121147f3baa8fbdf2ff38f3707bd8b56e115d2cc984d57f01f"
        },
        "pipfile-spec": 6,
        "requires": {
            "python_version": "3.13"
        },
        "sources": [
            {
                "name": "pypi",
                "url": "https://pypi.org/simple",
                "verify_ssl": true
            }
        ]
    },
    "default": {
        "pyvisa": {
            "hashes": [
                "sha256:6e4dfc9b6029b4f00d0d4960348c4889c2747aa7f83276950d48a349eab36a45",
                "sha256:71030041ed4c5dad77687454cf44b8be4d1642e9d1aaa22019248d41d8ed7a79"
            ],
            "index": "pypi",
            "markers": "python_version >= '3.8'",
            "version": "==1.14.1"
        },
        "typing-extensions": {
            "hashes": [
                "sha256:04e5ca0351e0f3f85c6853954072df659d0d13fac324d0072316b67d7794700d",
                "sha256:1a7ead55c7e559dd4dee8856e3a88b41225abfe1ce8df57b7c13915fe121ffb8"
            ],
            "markers": "python_version >= '3.8'",
            "version": "==4.12.2"
        }
    },
    "develop": {}
}
